// !$*UTF8*$!
{
	archiveVersion = 1;
	classes = {
	};
	objectVersion = 56;
	objects = {

/* Begin PBXBuildFile section */
		3A3DA2242906FCAF0009E362 /* SwiftUI_AnimationsApp.swift in Sources */ = {isa = PBXBuildFile; fileRef = 3A3DA2232906FCAF0009E362 /* SwiftUI_AnimationsApp.swift */; };
		3A3DA2262906FCAF0009E362 /* ContentView.swift in Sources */ = {isa = PBXBuildFile; fileRef = 3A3DA2252906FCAF0009E362 /* ContentView.swift */; };
		3A3DA2282906FCB10009E362 /* Assets.xcassets in Resources */ = {isa = PBXBuildFile; fileRef = 3A3DA2272906FCB10009E362 /* Assets.xcassets */; };
		3A3DA22B2906FCB10009E362 /* Preview Assets.xcassets in Resources */ = {isa = PBXBuildFile; fileRef = 3A3DA22A2906FCB10009E362 /* Preview Assets.xcassets */; };
		3A3DA2352906FCB10009E362 /* SwiftUI_AnimationsTests.swift in Sources */ = {isa = PBXBuildFile; fileRef = 3A3DA2342906FCB10009E362 /* SwiftUI_AnimationsTests.swift */; };
		3A3DA23F2906FCB10009E362 /* SwiftUI_AnimationsUITests.swift in Sources */ = {isa = PBXBuildFile; fileRef = 3A3DA23E2906FCB10009E362 /* SwiftUI_AnimationsUITests.swift */; };
		3A3DA2412906FCB10009E362 /* SwiftUI_AnimationsUITestsLaunchTests.swift in Sources */ = {isa = PBXBuildFile; fileRef = 3A3DA2402906FCB10009E362 /* SwiftUI_AnimationsUITestsLaunchTests.swift */; };
		3A4CCA19290A334300942F9C /* PartFourGroup.swift in Sources */ = {isa = PBXBuildFile; fileRef = 3A4CCA18290A334300942F9C /* PartFourGroup.swift */; };
		3A4CCA1C290A33D800942F9C /* Example17.swift in Sources */ = {isa = PBXBuildFile; fileRef = 3A4CCA1B290A33D800942F9C /* Example17.swift */; };
		3A4CCA1E290A4AF700942F9C /* Example18.swift in Sources */ = {isa = PBXBuildFile; fileRef = 3A4CCA1D290A4AF700942F9C /* Example18.swift */; };
		3A4CCA20290A505000942F9C /* Example19.swift in Sources */ = {isa = PBXBuildFile; fileRef = 3A4CCA1F290A505000942F9C /* Example19.swift */; };
		3AACB3622907940000AED802 /* Example1.swift in Sources */ = {isa = PBXBuildFile; fileRef = 3AACB3612907940000AED802 /* Example1.swift */; };
		3AACB3642907956800AED802 /* Example2.swift in Sources */ = {isa = PBXBuildFile; fileRef = 3AACB3632907956800AED802 /* Example2.swift */; };
		3AACB36F2907C45900AED802 /* Example3.swift in Sources */ = {isa = PBXBuildFile; fileRef = 3AACB36E2907C45900AED802 /* Example3.swift */; };
		3AACB3722907CA2D00AED802 /* MyButton.swift in Sources */ = {isa = PBXBuildFile; fileRef = 3AACB3712907CA2D00AED802 /* MyButton.swift */; };
		3AACB3742907D20300AED802 /* Example4.swift in Sources */ = {isa = PBXBuildFile; fileRef = 3AACB3732907D20300AED802 /* Example4.swift */; };
		3AACB3792907DBBD00AED802 /* Example5.swift in Sources */ = {isa = PBXBuildFile; fileRef = 3AACB3782907DBBD00AED802 /* Example5.swift */; };
		3AACB3862907F38200AED802 /* Example6.swift in Sources */ = {isa = PBXBuildFile; fileRef = 3AACB3852907F38100AED802 /* Example6.swift */; };
		3AE54D812908288E00AAF2C1 /* Example7.swift in Sources */ = {isa = PBXBuildFile; fileRef = 3AE54D802908288E00AAF2C1 /* Example7.swift */; };
		3AE54D8A2908356A00AAF2C1 /* Example8.swift in Sources */ = {isa = PBXBuildFile; fileRef = 3AE54D892908356A00AAF2C1 /* Example8.swift */; };
		3AE54D912908D39600AAF2C1 /* Example9.swift in Sources */ = {isa = PBXBuildFile; fileRef = 3AE54D902908D39600AAF2C1 /* Example9.swift */; };
		3AE54D962908DAB300AAF2C1 /* Example10.swift in Sources */ = {isa = PBXBuildFile; fileRef = 3AE54D952908DAB300AAF2C1 /* Example10.swift */; };
		3AE54D9B2909003700AAF2C1 /* Example11.swift in Sources */ = {isa = PBXBuildFile; fileRef = 3AE54D9A2909003700AAF2C1 /* Example11.swift */; };
		3AE54D9D290907A000AAF2C1 /* PartOneGroup.swift in Sources */ = {isa = PBXBuildFile; fileRef = 3AE54D9C290907A000AAF2C1 /* PartOneGroup.swift */; };
		3AE54D9F2909081000AAF2C1 /* PartTwoGroup.swift in Sources */ = {isa = PBXBuildFile; fileRef = 3AE54D9E2909081000AAF2C1 /* PartTwoGroup.swift */; };
		3AE54DA129090A6500AAF2C1 /* PartThreeGroup.swift in Sources */ = {isa = PBXBuildFile; fileRef = 3AE54DA029090A6500AAF2C1 /* PartThreeGroup.swift */; };
		3AE54DA529090F5E00AAF2C1 /* Example12.swift in Sources */ = {isa = PBXBuildFile; fileRef = 3AE54DA429090F5E00AAF2C1 /* Example12.swift */; };
		3AE54DA8290916FE00AAF2C1 /* Example13.swift in Sources */ = {isa = PBXBuildFile; fileRef = 3AE54DA7290916FE00AAF2C1 /* Example13.swift */; };
		3AE54DAB29091EF600AAF2C1 /* Example14.swift in Sources */ = {isa = PBXBuildFile; fileRef = 3AE54DAA29091EF600AAF2C1 /* Example14.swift */; };
		3AE54DAE290921CD00AAF2C1 /* Example15.swift in Sources */ = {isa = PBXBuildFile; fileRef = 3AE54DAD290921CD00AAF2C1 /* Example15.swift */; };
		3AE54DB12909229C00AAF2C1 /* Example16.swift in Sources */ = {isa = PBXBuildFile; fileRef = 3AE54DB02909229C00AAF2C1 /* Example16.swift */; };
/* End PBXBuildFile section */

/* Begin PBXContainerItemProxy section */
		3A3DA2312906FCB10009E362 /* PBXContainerItemProxy */ = {
			isa = PBXContainerItemProxy;
			containerPortal = 3A3DA2182906FCAF0009E362 /* Project object */;
			proxyType = 1;
			remoteGlobalIDString = 3A3DA21F2906FCAF0009E362;
			remoteInfo = SwiftUI_Animations;
		};
		3A3DA23B2906FCB10009E362 /* PBXContainerItemProxy */ = {
			isa = PBXContainerItemProxy;
			containerPortal = 3A3DA2182906FCAF0009E362 /* Project object */;
			proxyType = 1;
			remoteGlobalIDString = 3A3DA21F2906FCAF0009E362;
			remoteInfo = SwiftUI_Animations;
		};
/* End PBXContainerItemProxy section */

/* Begin PBXFileReference section */
		3A3DA2202906FCAF0009E362 /* SwiftUI_Animations.app */ = {isa = PBXFileReference; explicitFileType = wrapper.application; includeInIndex = 0; path = SwiftUI_Animations.app; sourceTree = BUILT_PRODUCTS_DIR; };
		3A3DA2232906FCAF0009E362 /* SwiftUI_AnimationsApp.swift */ = {isa = PBXFileReference; lastKnownFileType = sourcecode.swift; path = SwiftUI_AnimationsApp.swift; sourceTree = "<group>"; };
		3A3DA2252906FCAF0009E362 /* ContentView.swift */ = {isa = PBXFileReference; lastKnownFileType = sourcecode.swift; path = ContentView.swift; sourceTree = "<group>"; };
		3A3DA2272906FCB10009E362 /* Assets.xcassets */ = {isa = PBXFileReference; lastKnownFileType = folder.assetcatalog; path = Assets.xcassets; sourceTree = "<group>"; };
		3A3DA22A2906FCB10009E362 /* Preview Assets.xcassets */ = {isa = PBXFileReference; lastKnownFileType = folder.assetcatalog; path = "Preview Assets.xcassets"; sourceTree = "<group>"; };
		3A3DA2302906FCB10009E362 /* SwiftUI_AnimationsTests.xctest */ = {isa = PBXFileReference; explicitFileType = wrapper.cfbundle; includeInIndex = 0; path = SwiftUI_AnimationsTests.xctest; sourceTree = BUILT_PRODUCTS_DIR; };
		3A3DA2342906FCB10009E362 /* SwiftUI_AnimationsTests.swift */ = {isa = PBXFileReference; lastKnownFileType = sourcecode.swift; path = SwiftUI_AnimationsTests.swift; sourceTree = "<group>"; };
		3A3DA23A2906FCB10009E362 /* SwiftUI_AnimationsUITests.xctest */ = {isa = PBXFileReference; explicitFileType = wrapper.cfbundle; includeInIndex = 0; path = SwiftUI_AnimationsUITests.xctest; sourceTree = BUILT_PRODUCTS_DIR; };
		3A3DA23E2906FCB10009E362 /* SwiftUI_AnimationsUITests.swift */ = {isa = PBXFileReference; lastKnownFileType = sourcecode.swift; path = SwiftUI_AnimationsUITests.swift; sourceTree = "<group>"; };
		3A3DA2402906FCB10009E362 /* SwiftUI_AnimationsUITestsLaunchTests.swift */ = {isa = PBXFileReference; lastKnownFileType = sourcecode.swift; path = SwiftUI_AnimationsUITestsLaunchTests.swift; sourceTree = "<group>"; };
		3A4CCA18290A334300942F9C /* PartFourGroup.swift */ = {isa = PBXFileReference; lastKnownFileType = sourcecode.swift; path = PartFourGroup.swift; sourceTree = "<group>"; };
		3A4CCA1B290A33D800942F9C /* Example17.swift */ = {isa = PBXFileReference; lastKnownFileType = sourcecode.swift; path = Example17.swift; sourceTree = "<group>"; };
		3A4CCA1D290A4AF700942F9C /* Example18.swift */ = {isa = PBXFileReference; lastKnownFileType = sourcecode.swift; path = Example18.swift; sourceTree = "<group>"; };
		3A4CCA1F290A505000942F9C /* Example19.swift */ = {isa = PBXFileReference; lastKnownFileType = sourcecode.swift; path = Example19.swift; sourceTree = "<group>"; };
		3AACB3612907940000AED802 /* Example1.swift */ = {isa = PBXFileReference; lastKnownFileType = sourcecode.swift; path = Example1.swift; sourceTree = "<group>"; };
		3AACB3632907956800AED802 /* Example2.swift */ = {isa = PBXFileReference; lastKnownFileType = sourcecode.swift; path = Example2.swift; sourceTree = "<group>"; };
		3AACB36E2907C45900AED802 /* Example3.swift */ = {isa = PBXFileReference; lastKnownFileType = sourcecode.swift; path = Example3.swift; sourceTree = "<group>"; };
		3AACB3712907CA2D00AED802 /* MyButton.swift */ = {isa = PBXFileReference; lastKnownFileType = sourcecode.swift; path = MyButton.swift; sourceTree = "<group>"; };
		3AACB3732907D20300AED802 /* Example4.swift */ = {isa = PBXFileReference; lastKnownFileType = sourcecode.swift; path = Example4.swift; sourceTree = "<group>"; };
		3AACB3782907DBBD00AED802 /* Example5.swift */ = {isa = PBXFileReference; lastKnownFileType = sourcecode.swift; path = Example5.swift; sourceTree = "<group>"; };
		3AACB3852907F38100AED802 /* Example6.swift */ = {isa = PBXFileReference; lastKnownFileType = sourcecode.swift; path = Example6.swift; sourceTree = "<group>"; };
		3AE54D802908288E00AAF2C1 /* Example7.swift */ = {isa = PBXFileReference; lastKnownFileType = sourcecode.swift; path = Example7.swift; sourceTree = "<group>"; };
		3AE54D892908356A00AAF2C1 /* Example8.swift */ = {isa = PBXFileReference; lastKnownFileType = sourcecode.swift; path = Example8.swift; sourceTree = "<group>"; };
		3AE54D902908D39600AAF2C1 /* Example9.swift */ = {isa = PBXFileReference; lastKnownFileType = sourcecode.swift; path = Example9.swift; sourceTree = "<group>"; };
		3AE54D952908DAB300AAF2C1 /* Example10.swift */ = {isa = PBXFileReference; lastKnownFileType = sourcecode.swift; path = Example10.swift; sourceTree = "<group>"; };
		3AE54D9A2909003700AAF2C1 /* Example11.swift */ = {isa = PBXFileReference; lastKnownFileType = sourcecode.swift; path = Example11.swift; sourceTree = "<group>"; };
		3AE54D9C290907A000AAF2C1 /* PartOneGroup.swift */ = {isa = PBXFileReference; lastKnownFileType = sourcecode.swift; path = PartOneGroup.swift; sourceTree = "<group>"; };
		3AE54D9E2909081000AAF2C1 /* PartTwoGroup.swift */ = {isa = PBXFileReference; lastKnownFileType = sourcecode.swift; path = PartTwoGroup.swift; sourceTree = "<group>"; };
		3AE54DA029090A6500AAF2C1 /* PartThreeGroup.swift */ = {isa = PBXFileReference; lastKnownFileType = sourcecode.swift; path = PartThreeGroup.swift; sourceTree = "<group>"; };
		3AE54DA429090F5E00AAF2C1 /* Example12.swift */ = {isa = PBXFileReference; lastKnownFileType = sourcecode.swift; path = Example12.swift; sourceTree = "<group>"; };
		3AE54DA7290916FE00AAF2C1 /* Example13.swift */ = {isa = PBXFileReference; lastKnownFileType = sourcecode.swift; path = Example13.swift; sourceTree = "<group>"; };
		3AE54DAA29091EF600AAF2C1 /* Example14.swift */ = {isa = PBXFileReference; lastKnownFileType = sourcecode.swift; path = Example14.swift; sourceTree = "<group>"; };
		3AE54DAD290921CD00AAF2C1 /* Example15.swift */ = {isa = PBXFileReference; lastKnownFileType = sourcecode.swift; path = Example15.swift; sourceTree = "<group>"; };
		3AE54DB02909229C00AAF2C1 /* Example16.swift */ = {isa = PBXFileReference; lastKnownFileType = sourcecode.swift; path = Example16.swift; sourceTree = "<group>"; };
/* End PBXFileReference section */

/* Begin PBXFrameworksBuildPhase section */
		3A3DA21D2906FCAF0009E362 /* Frameworks */ = {
			isa = PBXFrameworksBuildPhase;
			buildActionMask = 2147483647;
			files = (
			);
			runOnlyForDeploymentPostprocessing = 0;
		};
		3A3DA22D2906FCB10009E362 /* Frameworks */ = {
			isa = PBXFrameworksBuildPhase;
			buildActionMask = 2147483647;
			files = (
			);
			runOnlyForDeploymentPostprocessing = 0;
		};
		3A3DA2372906FCB10009E362 /* Frameworks */ = {
			isa = PBXFrameworksBuildPhase;
			buildActionMask = 2147483647;
			files = (
			);
			runOnlyForDeploymentPostprocessing = 0;
		};
/* End PBXFrameworksBuildPhase section */

/* Begin PBXGroup section */
		3A3DA2172906FCAF0009E362 = {
			isa = PBXGroup;
			children = (
				3A3DA2222906FCAF0009E362 /* SwiftUI_Animations */,
				3A3DA2332906FCB10009E362 /* SwiftUI_AnimationsTests */,
				3A3DA23D2906FCB10009E362 /* SwiftUI_AnimationsUITests */,
				3A3DA2212906FCAF0009E362 /* Products */,
			);
			sourceTree = "<group>";
		};
		3A3DA2212906FCAF0009E362 /* Products */ = {
			isa = PBXGroup;
			children = (
				3A3DA2202906FCAF0009E362 /* SwiftUI_Animations.app */,
				3A3DA2302906FCB10009E362 /* SwiftUI_AnimationsTests.xctest */,
				3A3DA23A2906FCB10009E362 /* SwiftUI_AnimationsUITests.xctest */,
			);
			name = Products;
			sourceTree = "<group>";
		};
		3A3DA2222906FCAF0009E362 /* SwiftUI_Animations */ = {
			isa = PBXGroup;
			children = (
				3A4CCA1A290A338D00942F9C /* Part4_TimelineView */,
				3AE54DA229090D6700AAF2C1 /* Part3_AnimatableModifier */,
				3AE54D8329082EC300AAF2C1 /* Part2_GeometryEffect */,
				3AE54D8229082E9500AAF2C1 /* Part1_Paths */,
				3AACB3652907B13000AED802 /* Utils */,
				3A3DA2232906FCAF0009E362 /* SwiftUI_AnimationsApp.swift */,
				3A3DA2252906FCAF0009E362 /* ContentView.swift */,
				3A3DA2272906FCB10009E362 /* Assets.xcassets */,
				3A3DA2292906FCB10009E362 /* Preview Content */,
			);
			path = SwiftUI_Animations;
			sourceTree = "<group>";
		};
		3A3DA2292906FCB10009E362 /* Preview Content */ = {
			isa = PBXGroup;
			children = (
				3A3DA22A2906FCB10009E362 /* Preview Assets.xcassets */,
			);
			path = "Preview Content";
			sourceTree = "<group>";
		};
		3A3DA2332906FCB10009E362 /* SwiftUI_AnimationsTests */ = {
			isa = PBXGroup;
			children = (
				3A3DA2342906FCB10009E362 /* SwiftUI_AnimationsTests.swift */,
			);
			path = SwiftUI_AnimationsTests;
			sourceTree = "<group>";
		};
		3A3DA23D2906FCB10009E362 /* SwiftUI_AnimationsUITests */ = {
			isa = PBXGroup;
			children = (
				3A3DA23E2906FCB10009E362 /* SwiftUI_AnimationsUITests.swift */,
				3A3DA2402906FCB10009E362 /* SwiftUI_AnimationsUITestsLaunchTests.swift */,
			);
			path = SwiftUI_AnimationsUITests;
			sourceTree = "<group>";
		};
		3A4CCA1A290A338D00942F9C /* Part4_TimelineView */ = {
			isa = PBXGroup;
			children = (
				3A4CCA18290A334300942F9C /* PartFourGroup.swift */,
				3A4CCA1B290A33D800942F9C /* Example17.swift */,
				3A4CCA1D290A4AF700942F9C /* Example18.swift */,
				3A4CCA1F290A505000942F9C /* Example19.swift */,
			);
			path = Part4_TimelineView;
			sourceTree = "<group>";
		};
		3AACB3652907B13000AED802 /* Utils */ = {
			isa = PBXGroup;
			children = (
				3AACB3712907CA2D00AED802 /* MyButton.swift */,
			);
			path = Utils;
			sourceTree = "<group>";
		};
		3AE54D8229082E9500AAF2C1 /* Part1_Paths */ = {
			isa = PBXGroup;
			children = (
				3AE54D9C290907A000AAF2C1 /* PartOneGroup.swift */,
				3AACB3612907940000AED802 /* Example1.swift */,
				3AACB3632907956800AED802 /* Example2.swift */,
				3AACB36E2907C45900AED802 /* Example3.swift */,
				3AACB3732907D20300AED802 /* Example4.swift */,
				3AACB3782907DBBD00AED802 /* Example5.swift */,
				3AACB3852907F38100AED802 /* Example6.swift */,
				3AE54D802908288E00AAF2C1 /* Example7.swift */,
			);
			path = Part1_Paths;
			sourceTree = "<group>";
		};
		3AE54D8329082EC300AAF2C1 /* Part2_GeometryEffect */ = {
			isa = PBXGroup;
			children = (
				3AE54D9E2909081000AAF2C1 /* PartTwoGroup.swift */,
				3AE54D892908356A00AAF2C1 /* Example8.swift */,
				3AE54D902908D39600AAF2C1 /* Example9.swift */,
				3AE54D952908DAB300AAF2C1 /* Example10.swift */,
				3AE54D9A2909003700AAF2C1 /* Example11.swift */,
			);
			path = Part2_GeometryEffect;
			sourceTree = "<group>";
		};
		3AE54DA229090D6700AAF2C1 /* Part3_AnimatableModifier */ = {
			isa = PBXGroup;
			children = (
				3AE54DA029090A6500AAF2C1 /* PartThreeGroup.swift */,
				3AE54DA429090F5E00AAF2C1 /* Example12.swift */,
				3AE54DA7290916FE00AAF2C1 /* Example13.swift */,
				3AE54DAA29091EF600AAF2C1 /* Example14.swift */,
				3AE54DAD290921CD00AAF2C1 /* Example15.swift */,
				3AE54DB02909229C00AAF2C1 /* Example16.swift */,
			);
			path = Part3_AnimatableModifier;
			sourceTree = "<group>";
		};
/* End PBXGroup section */

/* Begin PBXNativeTarget section */
		3A3DA21F2906FCAF0009E362 /* SwiftUI_Animations */ = {
			isa = PBXNativeTarget;
			buildConfigurationList = 3A3DA2442906FCB10009E362 /* Build configuration list for PBXNativeTarget "SwiftUI_Animations" */;
			buildPhases = (
				3A3DA21C2906FCAF0009E362 /* Sources */,
				3A3DA21D2906FCAF0009E362 /* Frameworks */,
				3A3DA21E2906FCAF0009E362 /* Resources */,
			);
			buildRules = (
			);
			dependencies = (
			);
			name = SwiftUI_Animations;
			productName = SwiftUI_Animations;
			productReference = 3A3DA2202906FCAF0009E362 /* SwiftUI_Animations.app */;
			productType = "com.apple.product-type.application";
		};
		3A3DA22F2906FCB10009E362 /* SwiftUI_AnimationsTests */ = {
			isa = PBXNativeTarget;
			buildConfigurationList = 3A3DA2472906FCB10009E362 /* Build configuration list for PBXNativeTarget "SwiftUI_AnimationsTests" */;
			buildPhases = (
				3A3DA22C2906FCB10009E362 /* Sources */,
				3A3DA22D2906FCB10009E362 /* Frameworks */,
				3A3DA22E2906FCB10009E362 /* Resources */,
			);
			buildRules = (
			);
			dependencies = (
				3A3DA2322906FCB10009E362 /* PBXTargetDependency */,
			);
			name = SwiftUI_AnimationsTests;
			productName = SwiftUI_AnimationsTests;
			productReference = 3A3DA2302906FCB10009E362 /* SwiftUI_AnimationsTests.xctest */;
			productType = "com.apple.product-type.bundle.unit-test";
		};
		3A3DA2392906FCB10009E362 /* SwiftUI_AnimationsUITests */ = {
			isa = PBXNativeTarget;
			buildConfigurationList = 3A3DA24A2906FCB10009E362 /* Build configuration list for PBXNativeTarget "SwiftUI_AnimationsUITests" */;
			buildPhases = (
				3A3DA2362906FCB10009E362 /* Sources */,
				3A3DA2372906FCB10009E362 /* Frameworks */,
				3A3DA2382906FCB10009E362 /* Resources */,
			);
			buildRules = (
			);
			dependencies = (
				3A3DA23C2906FCB10009E362 /* PBXTargetDependency */,
			);
			name = SwiftUI_AnimationsUITests;
			productName = SwiftUI_AnimationsUITests;
			productReference = 3A3DA23A2906FCB10009E362 /* SwiftUI_AnimationsUITests.xctest */;
			productType = "com.apple.product-type.bundle.ui-testing";
		};
/* End PBXNativeTarget section */

/* Begin PBXProject section */
		3A3DA2182906FCAF0009E362 /* Project object */ = {
			isa = PBXProject;
			attributes = {
				BuildIndependentTargetsInParallel = 1;
				LastSwiftUpdateCheck = 1410;
				LastUpgradeCheck = 1410;
				TargetAttributes = {
					3A3DA21F2906FCAF0009E362 = {
						CreatedOnToolsVersion = 14.1;
					};
					3A3DA22F2906FCB10009E362 = {
						CreatedOnToolsVersion = 14.1;
						TestTargetID = 3A3DA21F2906FCAF0009E362;
					};
					3A3DA2392906FCB10009E362 = {
						CreatedOnToolsVersion = 14.1;
						TestTargetID = 3A3DA21F2906FCAF0009E362;
					};
				};
			};
			buildConfigurationList = 3A3DA21B2906FCAF0009E362 /* Build configuration list for PBXProject "SwiftUI_Animations" */;
			compatibilityVersion = "Xcode 14.0";
			developmentRegion = en;
			hasScannedForEncodings = 0;
			knownRegions = (
				en,
				Base,
			);
			mainGroup = 3A3DA2172906FCAF0009E362;
			productRefGroup = 3A3DA2212906FCAF0009E362 /* Products */;
			projectDirPath = "";
			projectRoot = "";
			targets = (
				3A3DA21F2906FCAF0009E362 /* SwiftUI_Animations */,
				3A3DA22F2906FCB10009E362 /* SwiftUI_AnimationsTests */,
				3A3DA2392906FCB10009E362 /* SwiftUI_AnimationsUITests */,
			);
		};
/* End PBXProject section */

/* Begin PBXResourcesBuildPhase section */
		3A3DA21E2906FCAF0009E362 /* Resources */ = {
			isa = PBXResourcesBuildPhase;
			buildActionMask = 2147483647;
			files = (
				3A3DA22B2906FCB10009E362 /* Preview Assets.xcassets in Resources */,
				3A3DA2282906FCB10009E362 /* Assets.xcassets in Resources */,
			);
			runOnlyForDeploymentPostprocessing = 0;
		};
		3A3DA22E2906FCB10009E362 /* Resources */ = {
			isa = PBXResourcesBuildPhase;
			buildActionMask = 2147483647;
			files = (
			);
			runOnlyForDeploymentPostprocessing = 0;
		};
		3A3DA2382906FCB10009E362 /* Resources */ = {
			isa = PBXResourcesBuildPhase;
			buildActionMask = 2147483647;
			files = (
			);
			runOnlyForDeploymentPostprocessing = 0;
		};
/* End PBXResourcesBuildPhase section */

/* Begin PBXSourcesBuildPhase section */
		3A3DA21C2906FCAF0009E362 /* Sources */ = {
			isa = PBXSourcesBuildPhase;
			buildActionMask = 2147483647;
			files = (
				3AE54DB12909229C00AAF2C1 /* Example16.swift in Sources */,
				3AE54D8A2908356A00AAF2C1 /* Example8.swift in Sources */,
				3AE54D9B2909003700AAF2C1 /* Example11.swift in Sources */,
				3AE54DAB29091EF600AAF2C1 /* Example14.swift in Sources */,
				3AE54D9F2909081000AAF2C1 /* PartTwoGroup.swift in Sources */,
				3AE54D962908DAB300AAF2C1 /* Example10.swift in Sources */,
				3A4CCA19290A334300942F9C /* PartFourGroup.swift in Sources */,
				3A3DA2262906FCAF0009E362 /* ContentView.swift in Sources */,
				3AACB3742907D20300AED802 /* Example4.swift in Sources */,
				3AACB3722907CA2D00AED802 /* MyButton.swift in Sources */,
				3AACB3622907940000AED802 /* Example1.swift in Sources */,
				3AE54D9D290907A000AAF2C1 /* PartOneGroup.swift in Sources */,
				3A3DA2242906FCAF0009E362 /* SwiftUI_AnimationsApp.swift in Sources */,
				3AACB3642907956800AED802 /* Example2.swift in Sources */,
				3AE54DAE290921CD00AAF2C1 /* Example15.swift in Sources */,
				3AACB36F2907C45900AED802 /* Example3.swift in Sources */,
				3AACB3862907F38200AED802 /* Example6.swift in Sources */,
				3AE54DA529090F5E00AAF2C1 /* Example12.swift in Sources */,
				3A4CCA1E290A4AF700942F9C /* Example18.swift in Sources */,
				3AACB3792907DBBD00AED802 /* Example5.swift in Sources */,
				3AE54DA8290916FE00AAF2C1 /* Example13.swift in Sources */,
				3AE54D812908288E00AAF2C1 /* Example7.swift in Sources */,
				3AE54D912908D39600AAF2C1 /* Example9.swift in Sources */,
				3A4CCA1C290A33D800942F9C /* Example17.swift in Sources */,
				3A4CCA20290A505000942F9C /* Example19.swift in Sources */,
				3AE54DA129090A6500AAF2C1 /* PartThreeGroup.swift in Sources */,
			);
			runOnlyForDeploymentPostprocessing = 0;
		};
		3A3DA22C2906FCB10009E362 /* Sources */ = {
			isa = PBXSourcesBuildPhase;
			buildActionMask = 2147483647;
			files = (
				3A3DA2352906FCB10009E362 /* SwiftUI_AnimationsTests.swift in Sources */,
			);
			runOnlyForDeploymentPostprocessing = 0;
		};
		3A3DA2362906FCB10009E362 /* Sources */ = {
			isa = PBXSourcesBuildPhase;
			buildActionMask = 2147483647;
			files = (
				3A3DA23F2906FCB10009E362 /* SwiftUI_AnimationsUITests.swift in Sources */,
				3A3DA2412906FCB10009E362 /* SwiftUI_AnimationsUITestsLaunchTests.swift in Sources */,
			);
			runOnlyForDeploymentPostprocessing = 0;
		};
/* End PBXSourcesBuildPhase section */

/* Begin PBXTargetDependency section */
		3A3DA2322906FCB10009E362 /* PBXTargetDependency */ = {
			isa = PBXTargetDependency;
			target = 3A3DA21F2906FCAF0009E362 /* SwiftUI_Animations */;
			targetProxy = 3A3DA2312906FCB10009E362 /* PBXContainerItemProxy */;
		};
		3A3DA23C2906FCB10009E362 /* PBXTargetDependency */ = {
			isa = PBXTargetDependency;
			target = 3A3DA21F2906FCAF0009E362 /* SwiftUI_Animations */;
			targetProxy = 3A3DA23B2906FCB10009E362 /* PBXContainerItemProxy */;
		};
/* End PBXTargetDependency section */

/* Begin XCBuildConfiguration section */
		3A3DA2422906FCB10009E362 /* Debug */ = {
			isa = XCBuildConfiguration;
			buildSettings = {
				ALWAYS_SEARCH_USER_PATHS = NO;
				CLANG_ANALYZER_NONNULL = YES;
				CLANG_ANALYZER_NUMBER_OBJECT_CONVERSION = YES_AGGRESSIVE;
				CLANG_CXX_LANGUAGE_STANDARD = "gnu++20";
				CLANG_ENABLE_MODULES = YES;
				CLANG_ENABLE_OBJC_ARC = YES;
				CLANG_ENABLE_OBJC_WEAK = YES;
				CLANG_WARN_BLOCK_CAPTURE_AUTORELEASING = YES;
				CLANG_WARN_BOOL_CONVERSION = YES;
				CLANG_WARN_COMMA = YES;
				CLANG_WARN_CONSTANT_CONVERSION = YES;
				CLANG_WARN_DEPRECATED_OBJC_IMPLEMENTATIONS = YES;
				CLANG_WARN_DIRECT_OBJC_ISA_USAGE = YES_ERROR;
				CLANG_WARN_DOCUMENTATION_COMMENTS = YES;
				CLANG_WARN_EMPTY_BODY = YES;
				CLANG_WARN_ENUM_CONVERSION = YES;
				CLANG_WARN_INFINITE_RECURSION = YES;
				CLANG_WARN_INT_CONVERSION = YES;
				CLANG_WARN_NON_LITERAL_NULL_CONVERSION = YES;
				CLANG_WARN_OBJC_IMPLICIT_RETAIN_SELF = YES;
				CLANG_WARN_OBJC_LITERAL_CONVERSION = YES;
				CLANG_WARN_OBJC_ROOT_CLASS = YES_ERROR;
				CLANG_WARN_QUOTED_INCLUDE_IN_FRAMEWORK_HEADER = YES;
				CLANG_WARN_RANGE_LOOP_ANALYSIS = YES;
				CLANG_WARN_STRICT_PROTOTYPES = YES;
				CLANG_WARN_SUSPICIOUS_MOVE = YES;
				CLANG_WARN_UNGUARDED_AVAILABILITY = YES_AGGRESSIVE;
				CLANG_WARN_UNREACHABLE_CODE = YES;
				CLANG_WARN__DUPLICATE_METHOD_MATCH = YES;
				COPY_PHASE_STRIP = NO;
				DEBUG_INFORMATION_FORMAT = dwarf;
				ENABLE_STRICT_OBJC_MSGSEND = YES;
				ENABLE_TESTABILITY = YES;
				GCC_C_LANGUAGE_STANDARD = gnu11;
				GCC_DYNAMIC_NO_PIC = NO;
				GCC_NO_COMMON_BLOCKS = YES;
				GCC_OPTIMIZATION_LEVEL = 0;
				GCC_PREPROCESSOR_DEFINITIONS = (
					"DEBUG=1",
					"$(inherited)",
				);
				GCC_WARN_64_TO_32_BIT_CONVERSION = YES;
				GCC_WARN_ABOUT_RETURN_TYPE = YES_ERROR;
				GCC_WARN_UNDECLARED_SELECTOR = YES;
				GCC_WARN_UNINITIALIZED_AUTOS = YES_AGGRESSIVE;
				GCC_WARN_UNUSED_FUNCTION = YES;
				GCC_WARN_UNUSED_VARIABLE = YES;
				IPHONEOS_DEPLOYMENT_TARGET = 16.1;
				MTL_ENABLE_DEBUG_INFO = INCLUDE_SOURCE;
				MTL_FAST_MATH = YES;
				ONLY_ACTIVE_ARCH = YES;
				SDKROOT = iphoneos;
				SWIFT_ACTIVE_COMPILATION_CONDITIONS = DEBUG;
				SWIFT_OPTIMIZATION_LEVEL = "-Onone";
			};
			name = Debug;
		};
		3A3DA2432906FCB10009E362 /* Release */ = {
			isa = XCBuildConfiguration;
			buildSettings = {
				ALWAYS_SEARCH_USER_PATHS = NO;
				CLANG_ANALYZER_NONNULL = YES;
				CLANG_ANALYZER_NUMBER_OBJECT_CONVERSION = YES_AGGRESSIVE;
				CLANG_CXX_LANGUAGE_STANDARD = "gnu++20";
				CLANG_ENABLE_MODULES = YES;
				CLANG_ENABLE_OBJC_ARC = YES;
				CLANG_ENABLE_OBJC_WEAK = YES;
				CLANG_WARN_BLOCK_CAPTURE_AUTORELEASING = YES;
				CLANG_WARN_BOOL_CONVERSION = YES;
				CLANG_WARN_COMMA = YES;
				CLANG_WARN_CONSTANT_CONVERSION = YES;
				CLANG_WARN_DEPRECATED_OBJC_IMPLEMENTATIONS = YES;
				CLANG_WARN_DIRECT_OBJC_ISA_USAGE = YES_ERROR;
				CLANG_WARN_DOCUMENTATION_COMMENTS = YES;
				CLANG_WARN_EMPTY_BODY = YES;
				CLANG_WARN_ENUM_CONVERSION = YES;
				CLANG_WARN_INFINITE_RECURSION = YES;
				CLANG_WARN_INT_CONVERSION = YES;
				CLANG_WARN_NON_LITERAL_NULL_CONVERSION = YES;
				CLANG_WARN_OBJC_IMPLICIT_RETAIN_SELF = YES;
				CLANG_WARN_OBJC_LITERAL_CONVERSION = YES;
				CLANG_WARN_OBJC_ROOT_CLASS = YES_ERROR;
				CLANG_WARN_QUOTED_INCLUDE_IN_FRAMEWORK_HEADER = YES;
				CLANG_WARN_RANGE_LOOP_ANALYSIS = YES;
				CLANG_WARN_STRICT_PROTOTYPES = YES;
				CLANG_WARN_SUSPICIOUS_MOVE = YES;
				CLANG_WARN_UNGUARDED_AVAILABILITY = YES_AGGRESSIVE;
				CLANG_WARN_UNREACHABLE_CODE = YES;
				CLANG_WARN__DUPLICATE_METHOD_MATCH = YES;
				COPY_PHASE_STRIP = NO;
				DEBUG_INFORMATION_FORMAT = "dwarf-with-dsym";
				ENABLE_NS_ASSERTIONS = NO;
				ENABLE_STRICT_OBJC_MSGSEND = YES;
				GCC_C_LANGUAGE_STANDARD = gnu11;
				GCC_NO_COMMON_BLOCKS = YES;
				GCC_WARN_64_TO_32_BIT_CONVERSION = YES;
				GCC_WARN_ABOUT_RETURN_TYPE = YES_ERROR;
				GCC_WARN_UNDECLARED_SELECTOR = YES;
				GCC_WARN_UNINITIALIZED_AUTOS = YES_AGGRESSIVE;
				GCC_WARN_UNUSED_FUNCTION = YES;
				GCC_WARN_UNUSED_VARIABLE = YES;
				IPHONEOS_DEPLOYMENT_TARGET = 16.1;
				MTL_ENABLE_DEBUG_INFO = NO;
				MTL_FAST_MATH = YES;
				SDKROOT = iphoneos;
				SWIFT_COMPILATION_MODE = wholemodule;
				SWIFT_OPTIMIZATION_LEVEL = "-O";
				VALIDATE_PRODUCT = YES;
			};
			name = Release;
		};
		3A3DA2452906FCB10009E362 /* Debug */ = {
			isa = XCBuildConfiguration;
			buildSettings = {
				ASSETCATALOG_COMPILER_APPICON_NAME = AppIcon;
				ASSETCATALOG_COMPILER_GLOBAL_ACCENT_COLOR_NAME = AccentColor;
				CODE_SIGN_STYLE = Automatic;
				CURRENT_PROJECT_VERSION = 1;
				DEVELOPMENT_ASSET_PATHS = "\"SwiftUI_Animations/Preview Content\"";
				DEVELOPMENT_TEAM = ZWW68US5K2;
				ENABLE_PREVIEWS = YES;
				GENERATE_INFOPLIST_FILE = YES;
				INFOPLIST_KEY_UIApplicationSceneManifest_Generation = YES;
				INFOPLIST_KEY_UIApplicationSupportsIndirectInputEvents = YES;
				INFOPLIST_KEY_UILaunchScreen_Generation = YES;
				INFOPLIST_KEY_UISupportedInterfaceOrientations_iPad = "UIInterfaceOrientationPortrait UIInterfaceOrientationPortraitUpsideDown UIInterfaceOrientationLandscapeLeft UIInterfaceOrientationLandscapeRight";
				INFOPLIST_KEY_UISupportedInterfaceOrientations_iPhone = "UIInterfaceOrientationPortrait UIInterfaceOrientationLandscapeLeft UIInterfaceOrientationLandscapeRight";
				LD_RUNPATH_SEARCH_PATHS = (
					"$(inherited)",
					"@executable_path/Frameworks",
				);
				MARKETING_VERSION = 1.0;
				PRODUCT_BUNDLE_IDENTIFIER = "ming.SwiftUI-Animations";
				PRODUCT_NAME = "$(TARGET_NAME)";
				SWIFT_EMIT_LOC_STRINGS = YES;
				SWIFT_VERSION = 5.0;
				TARGETED_DEVICE_FAMILY = "1,2";
			};
			name = Debug;
		};
		3A3DA2462906FCB10009E362 /* Release */ = {
			isa = XCBuildConfiguration;
			buildSettings = {
				ASSETCATALOG_COMPILER_APPICON_NAME = AppIcon;
				ASSETCATALOG_COMPILER_GLOBAL_ACCENT_COLOR_NAME = AccentColor;
				CODE_SIGN_STYLE = Automatic;
				CURRENT_PROJECT_VERSION = 1;
				DEVELOPMENT_ASSET_PATHS = "\"SwiftUI_Animations/Preview Content\"";
				DEVELOPMENT_TEAM = ZWW68US5K2;
				ENABLE_PREVIEWS = YES;
				GENERATE_INFOPLIST_FILE = YES;
				INFOPLIST_KEY_UIApplicationSceneManifest_Generation = YES;
				INFOPLIST_KEY_UIApplicationSupportsIndirectInputEvents = YES;
				INFOPLIST_KEY_UILaunchScreen_Generation = YES;
				INFOPLIST_KEY_UISupportedInterfaceOrientations_iPad = "UIInterfaceOrientationPortrait UIInterfaceOrientationPortraitUpsideDown UIInterfaceOrientationLandscapeLeft UIInterfaceOrientationLandscapeRight";
				INFOPLIST_KEY_UISupportedInterfaceOrientations_iPhone = "UIInterfaceOrientationPortrait UIInterfaceOrientationLandscapeLeft UIInterfaceOrientationLandscapeRight";
				LD_RUNPATH_SEARCH_PATHS = (
					"$(inherited)",
					"@executable_path/Frameworks",
				);
				MARKETING_VERSION = 1.0;
				PRODUCT_BUNDLE_IDENTIFIER = "ming.SwiftUI-Animations";
				PRODUCT_NAME = "$(TARGET_NAME)";
				SWIFT_EMIT_LOC_STRINGS = YES;
				SWIFT_VERSION = 5.0;
				TARGETED_DEVICE_FAMILY = "1,2";
			};
			name = Release;
		};
		3A3DA2482906FCB10009E362 /* Debug */ = {
			isa = XCBuildConfiguration;
			buildSettings = {
				ALWAYS_EMBED_SWIFT_STANDARD_LIBRARIES = YES;
				BUNDLE_LOADER = "$(TEST_HOST)";
				CODE_SIGN_STYLE = Automatic;
				CURRENT_PROJECT_VERSION = 1;
				GENERATE_INFOPLIST_FILE = YES;
				IPHONEOS_DEPLOYMENT_TARGET = 16.1;
				MARKETING_VERSION = 1.0;
				PRODUCT_BUNDLE_IDENTIFIER = "ming.SwiftUI-AnimationsTests";
				PRODUCT_NAME = "$(TARGET_NAME)";
				SWIFT_EMIT_LOC_STRINGS = NO;
				SWIFT_VERSION = 5.0;
				TARGETED_DEVICE_FAMILY = "1,2";
				TEST_HOST = "$(BUILT_PRODUCTS_DIR)/SwiftUI_Animations.app/$(BUNDLE_EXECUTABLE_FOLDER_PATH)/SwiftUI_Animations";
			};
			name = Debug;
		};
		3A3DA2492906FCB10009E362 /* Release */ = {
			isa = XCBuildConfiguration;
			buildSettings = {
				ALWAYS_EMBED_SWIFT_STANDARD_LIBRARIES = YES;
				BUNDLE_LOADER = "$(TEST_HOST)";
				CODE_SIGN_STYLE = Automatic;
				CURRENT_PROJECT_VERSION = 1;
				GENERATE_INFOPLIST_FILE = YES;
				IPHONEOS_DEPLOYMENT_TARGET = 16.1;
				MARKETING_VERSION = 1.0;
				PRODUCT_BUNDLE_IDENTIFIER = "ming.SwiftUI-AnimationsTests";
				PRODUCT_NAME = "$(TARGET_NAME)";
				SWIFT_EMIT_LOC_STRINGS = NO;
				SWIFT_VERSION = 5.0;
				TARGETED_DEVICE_FAMILY = "1,2";
				TEST_HOST = "$(BUILT_PRODUCTS_DIR)/SwiftUI_Animations.app/$(BUNDLE_EXECUTABLE_FOLDER_PATH)/SwiftUI_Animations";
			};
			name = Release;
		};
		3A3DA24B2906FCB10009E362 /* Debug */ = {
			isa = XCBuildConfiguration;
			buildSettings = {
				ALWAYS_EMBED_SWIFT_STANDARD_LIBRARIES = YES;
				CODE_SIGN_STYLE = Automatic;
				CURRENT_PROJECT_VERSION = 1;
				GENERATE_INFOPLIST_FILE = YES;
				MARKETING_VERSION = 1.0;
				PRODUCT_BUNDLE_IDENTIFIER = "ming.SwiftUI-AnimationsUITests";
				PRODUCT_NAME = "$(TARGET_NAME)";
				SWIFT_EMIT_LOC_STRINGS = NO;
				SWIFT_VERSION = 5.0;
				TARGETED_DEVICE_FAMILY = "1,2";
				TEST_TARGET_NAME = SwiftUI_Animations;
			};
			name = Debug;
		};
		3A3DA24C2906FCB10009E362 /* Release */ = {
			isa = XCBuildConfiguration;
			buildSettings = {
				ALWAYS_EMBED_SWIFT_STANDARD_LIBRARIES = YES;
				CODE_SIGN_STYLE = Automatic;
				CURRENT_PROJECT_VERSION = 1;
				GENERATE_INFOPLIST_FILE = YES;
				MARKETING_VERSION = 1.0;
				PRODUCT_BUNDLE_IDENTIFIER = "ming.SwiftUI-AnimationsUITests";
				PRODUCT_NAME = "$(TARGET_NAME)";
				SWIFT_EMIT_LOC_STRINGS = NO;
				SWIFT_VERSION = 5.0;
				TARGETED_DEVICE_FAMILY = "1,2";
				TEST_TARGET_NAME = SwiftUI_Animations;
			};
			name = Release;
		};
/* End XCBuildConfiguration section */

/* Begin XCConfigurationList section */
		3A3DA21B2906FCAF0009E362 /* Build configuration list for PBXProject "SwiftUI_Animations" */ = {
			isa = XCConfigurationList;
			buildConfigurations = (
				3A3DA2422906FCB10009E362 /* Debug */,
				3A3DA2432906FCB10009E362 /* Release */,
			);
			defaultConfigurationIsVisible = 0;
			defaultConfigurationName = Release;
		};
		3A3DA2442906FCB10009E362 /* Build configuration list for PBXNativeTarget "SwiftUI_Animations" */ = {
			isa = XCConfigurationList;
			buildConfigurations = (
				3A3DA2452906FCB10009E362 /* Debug */,
				3A3DA2462906FCB10009E362 /* Release */,
			);
			defaultConfigurationIsVisible = 0;
			defaultConfigurationName = Release;
		};
		3A3DA2472906FCB10009E362 /* Build configuration list for PBXNativeTarget "SwiftUI_AnimationsTests" */ = {
			isa = XCConfigurationList;
			buildConfigurations = (
				3A3DA2482906FCB10009E362 /* Debug */,
				3A3DA2492906FCB10009E362 /* Release */,
			);
			defaultConfigurationIsVisible = 0;
			defaultConfigurationName = Release;
		};
		3A3DA24A2906FCB10009E362 /* Build configuration list for PBXNativeTarget "SwiftUI_AnimationsUITests" */ = {
			isa = XCConfigurationList;
			buildConfigurations = (
				3A3DA24B2906FCB10009E362 /* Debug */,
				3A3DA24C2906FCB10009E362 /* Release */,
			);
			defaultConfigurationIsVisible = 0;
			defaultConfigurationName = Release;
		};
/* End XCConfigurationList section */
	};
	rootObject = 3A3DA2182906FCAF0009E362 /* Project object */;
}
